// !$*UTF8*$!
{
	archiveVersion = 1;
	classes = {
	};
	objectVersion = 50;
	objects = {

/* Begin PBXBuildFile section */
		ECF5A422245C122F0094259B /* main.swift in Sources */ = {isa = PBXBuildFile; fileRef = ECF5A421245C122F0094259B /* main.swift */; };
		ECF5A42B245C12650094259B /* LeetCode21.swift in Sources */ = {isa = PBXBuildFile; fileRef = ECF5A42A245C12650094259B /* LeetCode21.swift */; };
		ECF5A42D245C12800094259B /* ListNode.swift in Sources */ = {isa = PBXBuildFile; fileRef = ECF5A42C245C12800094259B /* ListNode.swift */; };
		ECF5A435245C18800094259B /* LeetCode21.swift in Sources */ = {isa = PBXBuildFile; fileRef = ECF5A434245C18800094259B /* LeetCode21.swift */; };
		ECF5A44A245D06440094259B /* LeetCode3.swift in Sources */ = {isa = PBXBuildFile; fileRef = ECF5A449245D06440094259B /* LeetCode3.swift */; };
		ECF5A44E245E5C1E0094259B /* LeetCode53.swift in Sources */ = {isa = PBXBuildFile; fileRef = ECF5A44D245E5C1E0094259B /* LeetCode53.swift */; };
/* End PBXBuildFile section */

/* Begin PBXCopyFilesBuildPhase section */
		ECF5A41C245C122F0094259B /* CopyFiles */ = {
			isa = PBXCopyFilesBuildPhase;
			buildActionMask = 2147483647;
			dstPath = /usr/share/man/man1/;
			dstSubfolderSpec = 0;
			files = (
			);
			runOnlyForDeploymentPostprocessing = 1;
		};
/* End PBXCopyFilesBuildPhase section */

/* Begin PBXFileReference section */
		ECF5A41E245C122F0094259B /* LeetCode-Swift */ = {isa = PBXFileReference; explicitFileType = "compiled.mach-o.executable"; includeInIndex = 0; path = "LeetCode-Swift"; sourceTree = BUILT_PRODUCTS_DIR; };
		ECF5A421245C122F0094259B /* main.swift */ = {isa = PBXFileReference; lastKnownFileType = sourcecode.swift; path = main.swift; sourceTree = "<group>"; };
		ECF5A42A245C12650094259B /* LeetCode21.swift */ = {isa = PBXFileReference; lastKnownFileType = sourcecode.swift; path = LeetCode21.swift; sourceTree = "<group>"; };
		ECF5A42C245C12800094259B /* ListNode.swift */ = {isa = PBXFileReference; lastKnownFileType = sourcecode.swift; path = ListNode.swift; sourceTree = "<group>"; };
		ECF5A432245C18800094259B /* LeetCode-SwiftTests.xctest */ = {isa = PBXFileReference; explicitFileType = wrapper.cfbundle; includeInIndex = 0; path = "LeetCode-SwiftTests.xctest"; sourceTree = BUILT_PRODUCTS_DIR; };
		ECF5A434245C18800094259B /* LeetCode21.swift */ = {isa = PBXFileReference; lastKnownFileType = sourcecode.swift; path = LeetCode21.swift; sourceTree = "<group>"; };
		ECF5A436245C18800094259B /* Info.plist */ = {isa = PBXFileReference; lastKnownFileType = text.plist.xml; path = Info.plist; sourceTree = "<group>"; };
		ECF5A440245D05F10094259B /* LeetCodeTests.xctest */ = {isa = PBXFileReference; explicitFileType = wrapper.cfbundle; includeInIndex = 0; path = LeetCodeTests.xctest; sourceTree = BUILT_PRODUCTS_DIR; };
		ECF5A449245D06440094259B /* LeetCode3.swift */ = {isa = PBXFileReference; lastKnownFileType = sourcecode.swift; path = LeetCode3.swift; sourceTree = "<group>"; };
		ECF5A44D245E5C1E0094259B /* LeetCode53.swift */ = {isa = PBXFileReference; lastKnownFileType = sourcecode.swift; path = LeetCode53.swift; sourceTree = "<group>"; };
/* End PBXFileReference section */

/* Begin PBXFrameworksBuildPhase section */
		ECF5A41B245C122F0094259B /* Frameworks */ = {
			isa = PBXFrameworksBuildPhase;
			buildActionMask = 2147483647;
			files = (
			);
			runOnlyForDeploymentPostprocessing = 0;
		};
		ECF5A42F245C18800094259B /* Frameworks */ = {
			isa = PBXFrameworksBuildPhase;
			buildActionMask = 2147483647;
			files = (
			);
			runOnlyForDeploymentPostprocessing = 0;
		};
		ECF5A43D245D05F10094259B /* Frameworks */ = {
			isa = PBXFrameworksBuildPhase;
			buildActionMask = 2147483647;
			files = (
			);
			runOnlyForDeploymentPostprocessing = 0;
		};
/* End PBXFrameworksBuildPhase section */

/* Begin PBXGroup section */
		ECF5A415245C122F0094259B = {
			isa = PBXGroup;
			children = (
				ECF5A420245C122F0094259B /* LeetCode-Swift */,
				ECF5A433245C18800094259B /* LeetCode-SwiftTests */,
				ECF5A41F245C122F0094259B /* Products */,
			);
			sourceTree = "<group>";
		};
		ECF5A41F245C122F0094259B /* Products */ = {
			isa = PBXGroup;
			children = (
				ECF5A41E245C122F0094259B /* LeetCode-Swift */,
				ECF5A432245C18800094259B /* LeetCode-SwiftTests.xctest */,
				ECF5A440245D05F10094259B /* LeetCodeTests.xctest */,
			);
			name = Products;
			sourceTree = "<group>";
		};
		ECF5A420245C122F0094259B /* LeetCode-Swift */ = {
			isa = PBXGroup;
			children = (
				ECF5A44C245E5C010094259B /* Dynamic Programming */,
				ECF5A44B245D0E8A0094259B /* Utils */,
				ECF5A448245D06350094259B /* DoublePoint */,
				ECF5A428245C12400094259B /* Base Data Struct */,
				ECF5A421245C122F0094259B /* main.swift */,
			);
			path = "LeetCode-Swift";
			sourceTree = "<group>";
		};
		ECF5A428245C12400094259B /* Base Data Struct */ = {
			isa = PBXGroup;
			children = (
				ECF5A429245C12510094259B /* Link */,
			);
			path = "Base Data Struct";
			sourceTree = "<group>";
		};
		ECF5A429245C12510094259B /* Link */ = {
			isa = PBXGroup;
			children = (
				ECF5A42A245C12650094259B /* LeetCode21.swift */,
				ECF5A42C245C12800094259B /* ListNode.swift */,
			);
			path = Link;
			sourceTree = "<group>";
		};
		ECF5A433245C18800094259B /* LeetCode-SwiftTests */ = {
			isa = PBXGroup;
			children = (
				ECF5A43A245C189A0094259B /* Base Data Struct */,
				ECF5A436245C18800094259B /* Info.plist */,
			);
			path = "LeetCode-SwiftTests";
			sourceTree = "<group>";
		};
		ECF5A43A245C189A0094259B /* Base Data Struct */ = {
			isa = PBXGroup;
			children = (
				ECF5A43B245C18A00094259B /* Link */,
			);
			path = "Base Data Struct";
			sourceTree = "<group>";
		};
		ECF5A43B245C18A00094259B /* Link */ = {
			isa = PBXGroup;
			children = (
				ECF5A434245C18800094259B /* LeetCode21.swift */,
			);
			path = Link;
			sourceTree = "<group>";
		};
		ECF5A448245D06350094259B /* DoublePoint */ = {
			isa = PBXGroup;
			children = (
				ECF5A449245D06440094259B /* LeetCode3.swift */,
			);
			path = DoublePoint;
			sourceTree = "<group>";
		};
		ECF5A44B245D0E8A0094259B /* Utils */ = {
			isa = PBXGroup;
			children = (
			);
			path = Utils;
			sourceTree = "<group>";
		};
		ECF5A44C245E5C010094259B /* Dynamic Programming */ = {
			isa = PBXGroup;
			children = (
				ECF5A44D245E5C1E0094259B /* LeetCode53.swift */,
			);
			path = "Dynamic Programming";
			sourceTree = "<group>";
		};
/* End PBXGroup section */

/* Begin PBXNativeTarget section */
		ECF5A41D245C122F0094259B /* LeetCode-Swift */ = {
			isa = PBXNativeTarget;
			buildConfigurationList = ECF5A425245C122F0094259B /* Build configuration list for PBXNativeTarget "LeetCode-Swift" */;
			buildPhases = (
				ECF5A41A245C122F0094259B /* Sources */,
				ECF5A41B245C122F0094259B /* Frameworks */,
				ECF5A41C245C122F0094259B /* CopyFiles */,
			);
			buildRules = (
			);
			dependencies = (
			);
			name = "LeetCode-Swift";
			productName = "LeetCode-Swift";
			productReference = ECF5A41E245C122F0094259B /* LeetCode-Swift */;
			productType = "com.apple.product-type.tool";
		};
		ECF5A431245C18800094259B /* LeetCode-SwiftTests */ = {
			isa = PBXNativeTarget;
			buildConfigurationList = ECF5A437245C18800094259B /* Build configuration list for PBXNativeTarget "LeetCode-SwiftTests" */;
			buildPhases = (
				ECF5A42E245C18800094259B /* Sources */,
				ECF5A42F245C18800094259B /* Frameworks */,
				ECF5A430245C18800094259B /* Resources */,
			);
			buildRules = (
			);
			dependencies = (
			);
			name = "LeetCode-SwiftTests";
			productName = "LeetCode-SwiftTests";
			productReference = ECF5A432245C18800094259B /* LeetCode-SwiftTests.xctest */;
			productType = "com.apple.product-type.bundle.unit-test";
		};
		ECF5A43F245D05F10094259B /* LeetCodeTests */ = {
			isa = PBXNativeTarget;
			buildConfigurationList = ECF5A445245D05F10094259B /* Build configuration list for PBXNativeTarget "LeetCodeTests" */;
			buildPhases = (
				ECF5A43C245D05F10094259B /* Sources */,
				ECF5A43D245D05F10094259B /* Frameworks */,
				ECF5A43E245D05F10094259B /* Resources */,
			);
			buildRules = (
			);
			dependencies = (
			);
			name = LeetCodeTests;
			productName = LeetCodeTests;
			productReference = ECF5A440245D05F10094259B /* LeetCodeTests.xctest */;
			productType = "com.apple.product-type.bundle.unit-test";
		};
/* End PBXNativeTarget section */

/* Begin PBXProject section */
		ECF5A416245C122F0094259B /* Project object */ = {
			isa = PBXProject;
			attributes = {
				LastSwiftUpdateCheck = 1140;
				LastUpgradeCheck = 1140;
				ORGANIZATIONNAME = imieutan;
				TargetAttributes = {
					ECF5A41D245C122F0094259B = {
						CreatedOnToolsVersion = 11.4.1;
					};
					ECF5A431245C18800094259B = {
						CreatedOnToolsVersion = 11.4.1;
					};
					ECF5A43F245D05F10094259B = {
						CreatedOnToolsVersion = 11.4.1;
					};
				};
			};
			buildConfigurationList = ECF5A419245C122F0094259B /* Build configuration list for PBXProject "LeetCode-Swift" */;
			compatibilityVersion = "Xcode 9.3";
			developmentRegion = en;
			hasScannedForEncodings = 0;
			knownRegions = (
				en,
				Base,
			);
			mainGroup = ECF5A415245C122F0094259B;
			productRefGroup = ECF5A41F245C122F0094259B /* Products */;
			projectDirPath = "";
			projectRoot = "";
			targets = (
				ECF5A41D245C122F0094259B /* LeetCode-Swift */,
				ECF5A431245C18800094259B /* LeetCode-SwiftTests */,
				ECF5A43F245D05F10094259B /* LeetCodeTests */,
			);
		};
/* End PBXProject section */

/* Begin PBXResourcesBuildPhase section */
		ECF5A430245C18800094259B /* Resources */ = {
			isa = PBXResourcesBuildPhase;
			buildActionMask = 2147483647;
			files = (
			);
			runOnlyForDeploymentPostprocessing = 0;
		};
		ECF5A43E245D05F10094259B /* Resources */ = {
			isa = PBXResourcesBuildPhase;
			buildActionMask = 2147483647;
			files = (
			);
			runOnlyForDeploymentPostprocessing = 0;
		};
/* End PBXResourcesBuildPhase section */

/* Begin PBXSourcesBuildPhase section */
		ECF5A41A245C122F0094259B /* Sources */ = {
			isa = PBXSourcesBuildPhase;
			buildActionMask = 2147483647;
			files = (
				ECF5A422245C122F0094259B /* main.swift in Sources */,
				ECF5A42B245C12650094259B /* LeetCode21.swift in Sources */,
				ECF5A44A245D06440094259B /* LeetCode3.swift in Sources */,
				ECF5A44E245E5C1E0094259B /* LeetCode53.swift in Sources */,
				ECF5A42D245C12800094259B /* ListNode.swift in Sources */,
			);
			runOnlyForDeploymentPostprocessing = 0;
		};
		ECF5A42E245C18800094259B /* Sources */ = {
			isa = PBXSourcesBuildPhase;
			buildActionMask = 2147483647;
			files = (
				ECF5A435245C18800094259B /* LeetCode21.swift in Sources */,
			);
			runOnlyForDeploymentPostprocessing = 0;
		};
		ECF5A43C245D05F10094259B /* Sources */ = {
			isa = PBXSourcesBuildPhase;
			buildActionMask = 2147483647;
			files = (
			);
			runOnlyForDeploymentPostprocessing = 0;
		};
/* End PBXSourcesBuildPhase section */

/* Begin XCBuildConfiguration section */
		ECF5A423245C122F0094259B /* Debug */ = {
			isa = XCBuildConfiguration;
			buildSettings = {
				ALWAYS_SEARCH_USER_PATHS = NO;
				CLANG_ANALYZER_NONNULL = YES;
				CLANG_ANALYZER_NUMBER_OBJECT_CONVERSION = YES_AGGRESSIVE;
				CLANG_CXX_LANGUAGE_STANDARD = "gnu++14";
				CLANG_CXX_LIBRARY = "libc++";
				CLANG_ENABLE_MODULES = YES;
				CLANG_ENABLE_OBJC_ARC = YES;
				CLANG_ENABLE_OBJC_WEAK = YES;
				CLANG_WARN_BLOCK_CAPTURE_AUTORELEASING = YES;
				CLANG_WARN_BOOL_CONVERSION = YES;
				CLANG_WARN_COMMA = YES;
				CLANG_WARN_CONSTANT_CONVERSION = YES;
				CLANG_WARN_DEPRECATED_OBJC_IMPLEMENTATIONS = YES;
				CLANG_WARN_DIRECT_OBJC_ISA_USAGE = YES_ERROR;
				CLANG_WARN_DOCUMENTATION_COMMENTS = YES;
				CLANG_WARN_EMPTY_BODY = YES;
				CLANG_WARN_ENUM_CONVERSION = YES;
				CLANG_WARN_INFINITE_RECURSION = YES;
				CLANG_WARN_INT_CONVERSION = YES;
				CLANG_WARN_NON_LITERAL_NULL_CONVERSION = YES;
				CLANG_WARN_OBJC_IMPLICIT_RETAIN_SELF = YES;
				CLANG_WARN_OBJC_LITERAL_CONVERSION = YES;
				CLANG_WARN_OBJC_ROOT_CLASS = YES_ERROR;
				CLANG_WARN_RANGE_LOOP_ANALYSIS = YES;
				CLANG_WARN_STRICT_PROTOTYPES = YES;
				CLANG_WARN_SUSPICIOUS_MOVE = YES;
				CLANG_WARN_UNGUARDED_AVAILABILITY = YES_AGGRESSIVE;
				CLANG_WARN_UNREACHABLE_CODE = YES;
				CLANG_WARN__DUPLICATE_METHOD_MATCH = YES;
				COPY_PHASE_STRIP = NO;
				DEBUG_INFORMATION_FORMAT = dwarf;
				ENABLE_STRICT_OBJC_MSGSEND = YES;
				ENABLE_TESTABILITY = YES;
				GCC_C_LANGUAGE_STANDARD = gnu11;
				GCC_DYNAMIC_NO_PIC = NO;
				GCC_NO_COMMON_BLOCKS = YES;
				GCC_OPTIMIZATION_LEVEL = 0;
				GCC_PREPROCESSOR_DEFINITIONS = (
					"DEBUG=1",
					"$(inherited)",
				);
				GCC_WARN_64_TO_32_BIT_CONVERSION = YES;
				GCC_WARN_ABOUT_RETURN_TYPE = YES_ERROR;
				GCC_WARN_UNDECLARED_SELECTOR = YES;
				GCC_WARN_UNINITIALIZED_AUTOS = YES_AGGRESSIVE;
				GCC_WARN_UNUSED_FUNCTION = YES;
				GCC_WARN_UNUSED_VARIABLE = YES;
				MACOSX_DEPLOYMENT_TARGET = 10.15;
				MTL_ENABLE_DEBUG_INFO = INCLUDE_SOURCE;
				MTL_FAST_MATH = YES;
				ONLY_ACTIVE_ARCH = YES;
				SDKROOT = macosx;
				SWIFT_ACTIVE_COMPILATION_CONDITIONS = DEBUG;
				SWIFT_OPTIMIZATION_LEVEL = "-Onone";
			};
			name = Debug;
		};
		ECF5A424245C122F0094259B /* Release */ = {
			isa = XCBuildConfiguration;
			buildSettings = {
				ALWAYS_SEARCH_USER_PATHS = NO;
				CLANG_ANALYZER_NONNULL = YES;
				CLANG_ANALYZER_NUMBER_OBJECT_CONVERSION = YES_AGGRESSIVE;
				CLANG_CXX_LANGUAGE_STANDARD = "gnu++14";
				CLANG_CXX_LIBRARY = "libc++";
				CLANG_ENABLE_MODULES = YES;
				CLANG_ENABLE_OBJC_ARC = YES;
				CLANG_ENABLE_OBJC_WEAK = YES;
				CLANG_WARN_BLOCK_CAPTURE_AUTORELEASING = YES;
				CLANG_WARN_BOOL_CONVERSION = YES;
				CLANG_WARN_COMMA = YES;
				CLANG_WARN_CONSTANT_CONVERSION = YES;
				CLANG_WARN_DEPRECATED_OBJC_IMPLEMENTATIONS = YES;
				CLANG_WARN_DIRECT_OBJC_ISA_USAGE = YES_ERROR;
				CLANG_WARN_DOCUMENTATION_COMMENTS = YES;
				CLANG_WARN_EMPTY_BODY = YES;
				CLANG_WARN_ENUM_CONVERSION = YES;
				CLANG_WARN_INFINITE_RECURSION = YES;
				CLANG_WARN_INT_CONVERSION = YES;
				CLANG_WARN_NON_LITERAL_NULL_CONVERSION = YES;
				CLANG_WARN_OBJC_IMPLICIT_RETAIN_SELF = YES;
				CLANG_WARN_OBJC_LITERAL_CONVERSION = YES;
				CLANG_WARN_OBJC_ROOT_CLASS = YES_ERROR;
				CLANG_WARN_RANGE_LOOP_ANALYSIS = YES;
				CLANG_WARN_STRICT_PROTOTYPES = YES;
				CLANG_WARN_SUSPICIOUS_MOVE = YES;
				CLANG_WARN_UNGUARDED_AVAILABILITY = YES_AGGRESSIVE;
				CLANG_WARN_UNREACHABLE_CODE = YES;
				CLANG_WARN__DUPLICATE_METHOD_MATCH = YES;
				COPY_PHASE_STRIP = NO;
				DEBUG_INFORMATION_FORMAT = "dwarf-with-dsym";
				ENABLE_NS_ASSERTIONS = NO;
				ENABLE_STRICT_OBJC_MSGSEND = YES;
				GCC_C_LANGUAGE_STANDARD = gnu11;
				GCC_NO_COMMON_BLOCKS = YES;
				GCC_WARN_64_TO_32_BIT_CONVERSION = YES;
				GCC_WARN_ABOUT_RETURN_TYPE = YES_ERROR;
				GCC_WARN_UNDECLARED_SELECTOR = YES;
				GCC_WARN_UNINITIALIZED_AUTOS = YES_AGGRESSIVE;
				GCC_WARN_UNUSED_FUNCTION = YES;
				GCC_WARN_UNUSED_VARIABLE = YES;
				MACOSX_DEPLOYMENT_TARGET = 10.15;
				MTL_ENABLE_DEBUG_INFO = NO;
				MTL_FAST_MATH = YES;
				SDKROOT = macosx;
				SWIFT_COMPILATION_MODE = wholemodule;
				SWIFT_OPTIMIZATION_LEVEL = "-O";
			};
			name = Release;
		};
		ECF5A426245C122F0094259B /* Debug */ = {
			isa = XCBuildConfiguration;
			buildSettings = {
				CODE_SIGN_STYLE = Automatic;
				PRODUCT_NAME = "$(TARGET_NAME)";
				SWIFT_VERSION = 5.0;
			};
			name = Debug;
		};
		ECF5A427245C122F0094259B /* Release */ = {
			isa = XCBuildConfiguration;
			buildSettings = {
				CODE_SIGN_STYLE = Automatic;
				PRODUCT_NAME = "$(TARGET_NAME)";
				SWIFT_VERSION = 5.0;
			};
			name = Release;
		};
		ECF5A438245C18800094259B /* Debug */ = {
			isa = XCBuildConfiguration;
			buildSettings = {
				CODE_SIGN_STYLE = Automatic;
				COMBINE_HIDPI_IMAGES = YES;
				INFOPLIST_FILE = "LeetCode-SwiftTests/Info.plist";
				LD_RUNPATH_SEARCH_PATHS = (
					"$(inherited)",
					"@executable_path/../Frameworks",
					"@loader_path/../Frameworks",
				);
				PRODUCT_BUNDLE_IDENTIFIER = "com.imietuan.LeetCode-SwiftTests";
				PRODUCT_NAME = "$(TARGET_NAME)";
				SWIFT_VERSION = 5.0;
			};
			name = Debug;
		};
		ECF5A439245C18800094259B /* Release */ = {
			isa = XCBuildConfiguration;
			buildSettings = {
				CODE_SIGN_STYLE = Automatic;
				COMBINE_HIDPI_IMAGES = YES;
				INFOPLIST_FILE = "LeetCode-SwiftTests/Info.plist";
				LD_RUNPATH_SEARCH_PATHS = (
					"$(inherited)",
					"@executable_path/../Frameworks",
					"@loader_path/../Frameworks",
				);
				PRODUCT_BUNDLE_IDENTIFIER = "com.imietuan.LeetCode-SwiftTests";
				PRODUCT_NAME = "$(TARGET_NAME)";
				SWIFT_VERSION = 5.0;
			};
			name = Release;
		};
		ECF5A446245D05F10094259B /* Debug */ = {
			isa = XCBuildConfiguration;
			buildSettings = {
				CODE_SIGN_STYLE = Automatic;
				COMBINE_HIDPI_IMAGES = YES;
				INFOPLIST_FILE = LeetCodeTests/Info.plist;
				LD_RUNPATH_SEARCH_PATHS = (
					"$(inherited)",
					"@executable_path/../Frameworks",
					"@loader_path/../Frameworks",
				);
				PRODUCT_BUNDLE_IDENTIFIER = com.imietuan.LeetCodeTests;
				PRODUCT_NAME = "$(TARGET_NAME)";
				SWIFT_VERSION = 5.0;
			};
			name = Debug;
		};
		ECF5A447245D05F10094259B /* Release */ = {
			isa = XCBuildConfiguration;
			buildSettings = {
				CODE_SIGN_STYLE = Automatic;
				COMBINE_HIDPI_IMAGES = YES;
				INFOPLIST_FILE = LeetCodeTests/Info.plist;
				LD_RUNPATH_SEARCH_PATHS = (
					"$(inherited)",
					"@executable_path/../Frameworks",
					"@loader_path/../Frameworks",
				);
				PRODUCT_BUNDLE_IDENTIFIER = com.imietuan.LeetCodeTests;
				PRODUCT_NAME = "$(TARGET_NAME)";
				SWIFT_VERSION = 5.0;
			};
			name = Release;
		};
/* End XCBuildConfiguration section */

/* Begin XCConfigurationList section */
		ECF5A419245C122F0094259B /* Build configuration list for PBXProject "LeetCode-Swift" */ = {
			isa = XCConfigurationList;
			buildConfigurations = (
				ECF5A423245C122F0094259B /* Debug */,
				ECF5A424245C122F0094259B /* Release */,
			);
			defaultConfigurationIsVisible = 0;
			defaultConfigurationName = Release;
		};
		ECF5A425245C122F0094259B /* Build configuration list for PBXNativeTarget "LeetCode-Swift" */ = {
			isa = XCConfigurationList;
			buildConfigurations = (
				ECF5A426245C122F0094259B /* Debug */,
				ECF5A427245C122F0094259B /* Release */,
			);
			defaultConfigurationIsVisible = 0;
			defaultConfigurationName = Release;
		};
		ECF5A437245C18800094259B /* Build configuration list for PBXNativeTarget "LeetCode-SwiftTests" */ = {
			isa = XCConfigurationList;
			buildConfigurations = (
				ECF5A438245C18800094259B /* Debug */,
				ECF5A439245C18800094259B /* Release */,
			);
			defaultConfigurationIsVisible = 0;
			defaultConfigurationName = Release;
		};
		ECF5A445245D05F10094259B /* Build configuration list for PBXNativeTarget "LeetCodeTests" */ = {
			isa = XCConfigurationList;
			buildConfigurations = (
				ECF5A446245D05F10094259B /* Debug */,
				ECF5A447245D05F10094259B /* Release */,
			);
			defaultConfigurationIsVisible = 0;
			defaultConfigurationName = Release;
		};
/* End XCConfigurationList section */
	};
	rootObject = ECF5A416245C122F0094259B /* Project object */;
}
